
Microsoft Visual Studio Solution File, Format Version 12.00
# Visual Studio Version 17
VisualStudioVersion = 17.3.32825.248
MinimumVisualStudioVersion = 10.0.40219.1
Project("{FAE04EC0-301F-11D3-BF4B-00C04F79EFBC}") = "PizzaBusiness", "PizzaBusiness\PizzaBusiness.csproj", "{BF608026-3555-42B6-AF3C-57E0063B225D}"
EndProject
Global
	GlobalSection(SolutionConfigurationPlatforms) = preSolution
		Debug|Any CPU = Debug|Any CPU
		Release|Any CPU = Release|Any CPU
	EndGlobalSection
	GlobalSection(ProjectConfigurationPlatforms) = postSolution
		{BF608026-3555-42B6-AF3C-57E0063B225D}.Debug|Any CPU.ActiveCfg = Debug|Any CPU
		{BF608026-3555-42B6-AF3C-57E0063B225D}.Debug|Any CPU.Build.0 = Debug|Any CPU
		{BF608026-3555-42B6-AF3C-57E0063B225D}.Release|Any CPU.ActiveCfg = Release|Any CPU
		{BF608026-3555-42B6-AF3C-57E0063B225D}.Release|Any CPU.Build.0 = Release|Any CPU
	EndGlobalSection
	GlobalSection(SolutionProperties) = preSolution
		HideSolutionNode = FALSE
	EndGlobalSection
	GlobalSection(ExtensibilityGlobals) = postSolution
		SolutionGuid = {1B8A6F6D-4CBC-418A-A7AD-9DAC498448C9}
	EndGlobalSection
EndGlobal
